<?xml version="1.0" encoding="utf-8"?>
<Project ToolsVersion="17.0" xmlns="http://schemas.microsoft.com/developer/msbuild/2003">
  <ItemGroup>
    <CustomBuild Include="C:\TeamCity\work\283bde3fda0d76e7\build\temp.win-amd64-cpython-38\Release\CMakeFiles\05f91d3280d5576c854e8530ec201e36\INSTALL_force.rule">
      <Filter>CMake Rules</Filter>
    </CustomBuild>
  </ItemGroup>
  <ItemGroup>
    <Filter Include="CMake Rules">
      <UniqueIdentifier>{83E53034-6035-354C-8209-B924CAE8ABB6}</UniqueIdentifier>
    </Filter>
  </ItemGroup>
</Project>
