<?xml version="1.0" encoding="utf-8"?>
<Project ToolsVersion="17.0" xmlns="http://schemas.microsoft.com/developer/msbuild/2003">
  <ItemGroup>
    <CustomBuild Include="C:\TeamCity\work\283bde3fda0d76e7\build\temp.win-amd64-cpython-39\Release\CMakeFiles\f3dfc984c667ac2c5c59fcb7a3997a89\INSTALL_force.rule">
      <Filter>CMake Rules</Filter>
    </CustomBuild>
  </ItemGroup>
  <ItemGroup>
    <Filter Include="CMake Rules">
      <UniqueIdentifier>{3EEB26D0-C8DB-3819-B254-F72B442BD026}</UniqueIdentifier>
    </Filter>
  </ItemGroup>
</Project>
