<?xml version="1.0" encoding="utf-8"?>
<Project ToolsVersion="17.0" xmlns="http://schemas.microsoft.com/developer/msbuild/2003">
  <ItemGroup>
    <CustomBuild Include="C:\TeamCity\work\283bde3fda0d76e7\build\temp.win32-3.6\Release\CMakeFiles\3712e42ed2722e314c21246a779cb5ff\INSTALL_force.rule">
      <Filter>CMake Rules</Filter>
    </CustomBuild>
  </ItemGroup>
  <ItemGroup>
    <Filter Include="CMake Rules">
      <UniqueIdentifier>{9B243D9D-A6C7-3420-A5EC-50D1B8B07AEA}</UniqueIdentifier>
    </Filter>
  </ItemGroup>
</Project>
