
Microsoft Visual Studio Solution File, Format Version 12.00
# Visual Studio Version 17
Project("{2150E333-8FDC-42A3-9474-1A3956D46DE8}") = "CMakePredefinedTargets", "CMakePredefinedTargets", "{D1FC6CE9-14DA-3D77-8462-0FE8D1D0DC1A}"
EndProject
Project("{2150E333-8FDC-42A3-9474-1A3956D46DE8}") = "header", "header", "{0BB03A91-D350-3B4F-94F8-969AD957C754}"
EndProject
Project("{8BC9CEB8-8B4A-11D0-8D11-00A0C91BC942}") = "ALL_BUILD", "ALL_BUILD.vcxproj", "{66E881CB-57DA-3FC4-BA8E-FD9716664105}"
	ProjectSection(ProjectDependencies) = postProject
		{1FB57830-AD37-3DD3-A143-1D5E8EAB0208} = {1FB57830-AD37-3DD3-A143-1D5E8EAB0208}
	EndProjectSection
EndProject
Project("{8BC9CEB8-8B4A-11D0-8D11-00A0C91BC942}") = "INSTALL", "INSTALL.vcxproj", "{EF058A60-A6D0-3474-90E6-762A0692D306}"
	ProjectSection(ProjectDependencies) = postProject
		{66E881CB-57DA-3FC4-BA8E-FD9716664105} = {66E881CB-57DA-3FC4-BA8E-FD9716664105}
		{1FB57830-AD37-3DD3-A143-1D5E8EAB0208} = {1FB57830-AD37-3DD3-A143-1D5E8EAB0208}
	EndProjectSection
EndProject
Project("{8BC9CEB8-8B4A-11D0-8D11-00A0C91BC942}") = "ZERO_CHECK", "C:\TeamCity\work\283bde3fda0d76e7\build\temp.win-amd64-cpython-38\Release\ZERO_CHECK.vcxproj", "{1FB57830-AD37-3DD3-A143-1D5E8EAB0208}"
	ProjectSection(ProjectDependencies) = postProject
	EndProjectSection
EndProject
Project("{8BC9CEB8-8B4A-11D0-8D11-00A0C91BC942}") = "range.v3.headers", "range.v3.headers.vcxproj", "{96793974-1FF0-314E-BBE3-BE2A05F6E02B}"
	ProjectSection(ProjectDependencies) = postProject
		{1FB57830-AD37-3DD3-A143-1D5E8EAB0208} = {1FB57830-AD37-3DD3-A143-1D5E8EAB0208}
	EndProjectSection
EndProject
Global
	GlobalSection(SolutionConfigurationPlatforms) = preSolution
		Debug|x64 = Debug|x64
		Release|x64 = Release|x64
		MinSizeRel|x64 = MinSizeRel|x64
		RelWithDebInfo|x64 = RelWithDebInfo|x64
	EndGlobalSection
	GlobalSection(ProjectConfigurationPlatforms) = postSolution
		{66E881CB-57DA-3FC4-BA8E-FD9716664105}.Debug|x64.ActiveCfg = Debug|x64
		{66E881CB-57DA-3FC4-BA8E-FD9716664105}.Debug|x64.Build.0 = Debug|x64
		{66E881CB-57DA-3FC4-BA8E-FD9716664105}.Release|x64.ActiveCfg = Release|x64
		{66E881CB-57DA-3FC4-BA8E-FD9716664105}.Release|x64.Build.0 = Release|x64
		{66E881CB-57DA-3FC4-BA8E-FD9716664105}.MinSizeRel|x64.ActiveCfg = MinSizeRel|x64
		{66E881CB-57DA-3FC4-BA8E-FD9716664105}.MinSizeRel|x64.Build.0 = MinSizeRel|x64
		{66E881CB-57DA-3FC4-BA8E-FD9716664105}.RelWithDebInfo|x64.ActiveCfg = RelWithDebInfo|x64
		{66E881CB-57DA-3FC4-BA8E-FD9716664105}.RelWithDebInfo|x64.Build.0 = RelWithDebInfo|x64
		{EF058A60-A6D0-3474-90E6-762A0692D306}.Debug|x64.ActiveCfg = Debug|x64
		{EF058A60-A6D0-3474-90E6-762A0692D306}.Release|x64.ActiveCfg = Release|x64
		{EF058A60-A6D0-3474-90E6-762A0692D306}.MinSizeRel|x64.ActiveCfg = MinSizeRel|x64
		{EF058A60-A6D0-3474-90E6-762A0692D306}.RelWithDebInfo|x64.ActiveCfg = RelWithDebInfo|x64
		{1FB57830-AD37-3DD3-A143-1D5E8EAB0208}.Debug|x64.ActiveCfg = Debug|x64
		{1FB57830-AD37-3DD3-A143-1D5E8EAB0208}.Debug|x64.Build.0 = Debug|x64
		{1FB57830-AD37-3DD3-A143-1D5E8EAB0208}.Release|x64.ActiveCfg = Release|x64
		{1FB57830-AD37-3DD3-A143-1D5E8EAB0208}.Release|x64.Build.0 = Release|x64
		{1FB57830-AD37-3DD3-A143-1D5E8EAB0208}.MinSizeRel|x64.ActiveCfg = MinSizeRel|x64
		{1FB57830-AD37-3DD3-A143-1D5E8EAB0208}.MinSizeRel|x64.Build.0 = MinSizeRel|x64
		{1FB57830-AD37-3DD3-A143-1D5E8EAB0208}.RelWithDebInfo|x64.ActiveCfg = RelWithDebInfo|x64
		{1FB57830-AD37-3DD3-A143-1D5E8EAB0208}.RelWithDebInfo|x64.Build.0 = RelWithDebInfo|x64
		{96793974-1FF0-314E-BBE3-BE2A05F6E02B}.Debug|x64.ActiveCfg = Debug|x64
		{96793974-1FF0-314E-BBE3-BE2A05F6E02B}.Release|x64.ActiveCfg = Release|x64
		{96793974-1FF0-314E-BBE3-BE2A05F6E02B}.MinSizeRel|x64.ActiveCfg = MinSizeRel|x64
		{96793974-1FF0-314E-BBE3-BE2A05F6E02B}.RelWithDebInfo|x64.ActiveCfg = RelWithDebInfo|x64
	EndGlobalSection
	GlobalSection(NestedProjects) = preSolution
		{66E881CB-57DA-3FC4-BA8E-FD9716664105} = {D1FC6CE9-14DA-3D77-8462-0FE8D1D0DC1A}
		{EF058A60-A6D0-3474-90E6-762A0692D306} = {D1FC6CE9-14DA-3D77-8462-0FE8D1D0DC1A}
		{1FB57830-AD37-3DD3-A143-1D5E8EAB0208} = {D1FC6CE9-14DA-3D77-8462-0FE8D1D0DC1A}
		{96793974-1FF0-314E-BBE3-BE2A05F6E02B} = {0BB03A91-D350-3B4F-94F8-969AD957C754}
	EndGlobalSection
	GlobalSection(ExtensibilityGlobals) = postSolution
		SolutionGuid = {74A09BAD-550A-3790-B5FD-20289AB5C62B}
	EndGlobalSection
	GlobalSection(ExtensibilityAddIns) = postSolution
	EndGlobalSection
EndGlobal
