
Microsoft Visual Studio Solution File, Format Version 12.00
# Visual Studio Version 17
Project("{2150E333-8FDC-42A3-9474-1A3956D46DE8}") = "CMakePredefinedTargets", "CMakePredefinedTargets", "{C87A61D4-6B88-3298-8892-EEDC7E7AF14A}"
EndProject
Project("{8BC9CEB8-8B4A-11D0-8D11-00A0C91BC942}") = "ALL_BUILD", "ALL_BUILD.vcxproj", "{F119EDF3-8A88-313F-929D-DFA6B44DB96E}"
	ProjectSection(ProjectDependencies) = postProject
		{9D90B128-0716-3ED2-A260-7B5CB51B32D3} = {9D90B128-0716-3ED2-A260-7B5CB51B32D3}
	EndProjectSection
EndProject
Project("{8BC9CEB8-8B4A-11D0-8D11-00A0C91BC942}") = "INSTALL", "INSTALL.vcxproj", "{F7A905C6-8647-37D7-BD4D-77650B506C18}"
	ProjectSection(ProjectDependencies) = postProject
		{F119EDF3-8A88-313F-929D-DFA6B44DB96E} = {F119EDF3-8A88-313F-929D-DFA6B44DB96E}
		{9D90B128-0716-3ED2-A260-7B5CB51B32D3} = {9D90B128-0716-3ED2-A260-7B5CB51B32D3}
	EndProjectSection
EndProject
Project("{8BC9CEB8-8B4A-11D0-8D11-00A0C91BC942}") = "ZERO_CHECK", "C:\TeamCity\work\283bde3fda0d76e7\build\temp.win32-cpython-311\Release\ZERO_CHECK.vcxproj", "{9D90B128-0716-3ED2-A260-7B5CB51B32D3}"
	ProjectSection(ProjectDependencies) = postProject
	EndProjectSection
EndProject
Global
	GlobalSection(SolutionConfigurationPlatforms) = preSolution
		Debug|Win32 = Debug|Win32
		Release|Win32 = Release|Win32
		MinSizeRel|Win32 = MinSizeRel|Win32
		RelWithDebInfo|Win32 = RelWithDebInfo|Win32
	EndGlobalSection
	GlobalSection(ProjectConfigurationPlatforms) = postSolution
		{F119EDF3-8A88-313F-929D-DFA6B44DB96E}.Debug|Win32.ActiveCfg = Debug|Win32
		{F119EDF3-8A88-313F-929D-DFA6B44DB96E}.Debug|Win32.Build.0 = Debug|Win32
		{F119EDF3-8A88-313F-929D-DFA6B44DB96E}.Release|Win32.ActiveCfg = Release|Win32
		{F119EDF3-8A88-313F-929D-DFA6B44DB96E}.Release|Win32.Build.0 = Release|Win32
		{F119EDF3-8A88-313F-929D-DFA6B44DB96E}.MinSizeRel|Win32.ActiveCfg = MinSizeRel|Win32
		{F119EDF3-8A88-313F-929D-DFA6B44DB96E}.MinSizeRel|Win32.Build.0 = MinSizeRel|Win32
		{F119EDF3-8A88-313F-929D-DFA6B44DB96E}.RelWithDebInfo|Win32.ActiveCfg = RelWithDebInfo|Win32
		{F119EDF3-8A88-313F-929D-DFA6B44DB96E}.RelWithDebInfo|Win32.Build.0 = RelWithDebInfo|Win32
		{F7A905C6-8647-37D7-BD4D-77650B506C18}.Debug|Win32.ActiveCfg = Debug|Win32
		{F7A905C6-8647-37D7-BD4D-77650B506C18}.Release|Win32.ActiveCfg = Release|Win32
		{F7A905C6-8647-37D7-BD4D-77650B506C18}.MinSizeRel|Win32.ActiveCfg = MinSizeRel|Win32
		{F7A905C6-8647-37D7-BD4D-77650B506C18}.RelWithDebInfo|Win32.ActiveCfg = RelWithDebInfo|Win32
		{9D90B128-0716-3ED2-A260-7B5CB51B32D3}.Debug|Win32.ActiveCfg = Debug|Win32
		{9D90B128-0716-3ED2-A260-7B5CB51B32D3}.Debug|Win32.Build.0 = Debug|Win32
		{9D90B128-0716-3ED2-A260-7B5CB51B32D3}.Release|Win32.ActiveCfg = Release|Win32
		{9D90B128-0716-3ED2-A260-7B5CB51B32D3}.Release|Win32.Build.0 = Release|Win32
		{9D90B128-0716-3ED2-A260-7B5CB51B32D3}.MinSizeRel|Win32.ActiveCfg = MinSizeRel|Win32
		{9D90B128-0716-3ED2-A260-7B5CB51B32D3}.MinSizeRel|Win32.Build.0 = MinSizeRel|Win32
		{9D90B128-0716-3ED2-A260-7B5CB51B32D3}.RelWithDebInfo|Win32.ActiveCfg = RelWithDebInfo|Win32
		{9D90B128-0716-3ED2-A260-7B5CB51B32D3}.RelWithDebInfo|Win32.Build.0 = RelWithDebInfo|Win32
	EndGlobalSection
	GlobalSection(NestedProjects) = preSolution
		{F119EDF3-8A88-313F-929D-DFA6B44DB96E} = {C87A61D4-6B88-3298-8892-EEDC7E7AF14A}
		{F7A905C6-8647-37D7-BD4D-77650B506C18} = {C87A61D4-6B88-3298-8892-EEDC7E7AF14A}
		{9D90B128-0716-3ED2-A260-7B5CB51B32D3} = {C87A61D4-6B88-3298-8892-EEDC7E7AF14A}
	EndGlobalSection
	GlobalSection(ExtensibilityGlobals) = postSolution
		SolutionGuid = {4D71CFA0-84C5-3EDE-B089-98D64171D839}
	EndGlobalSection
	GlobalSection(ExtensibilityAddIns) = postSolution
	EndGlobalSection
EndGlobal
