{
    "_meta": {
        "hash": {
            "sha256": "5841259358e6ab6283be0ab0813b606e8496b2713cdc1dcdefd23f690f6591fa"
        },
        "pipfile-spec": 6,
        "requires": {
            "python_version": "3.11"
        },
        "sources": [
            {
                "name": "pypi",
                "url": "https://pypi.org/simple",
                "verify_ssl": true
            }
        ]
    },
    "default": {
        "semver": {
            "hashes": [
                "sha256:2a23844ba1647362c7490fe3995a86e097bb590d16f0f32dfc383008f19e4cdf",
                "sha256:9ec78c5447883c67b97f98c3b6212796708191d22e4ad30f4570f840171cbce1"
            ],
            "index": "pypi",
            "version": "==3.0.1"
        }
    },
    "develop": {}
}
