<?xml version="1.0" encoding="utf-8"?>
<Project ToolsVersion="17.0" xmlns="http://schemas.microsoft.com/developer/msbuild/2003">
  <ItemGroup>
    <CustomBuild Include="C:\TeamCity\work\283bde3fda0d76e7\build\temp.win32-cpython-38\Release\CMakeFiles\624c6a8aab24b8eb06a250b26a019f13\INSTALL_force.rule">
      <Filter>CMake Rules</Filter>
    </CustomBuild>
  </ItemGroup>
  <ItemGroup>
    <Filter Include="CMake Rules">
      <UniqueIdentifier>{83E0E4D1-EF9D-352B-8B22-5655C16A03FD}</UniqueIdentifier>
    </Filter>
  </ItemGroup>
</Project>
