<?xml version="1.0" encoding="utf-8"?>
<Project ToolsVersion="17.0" xmlns="http://schemas.microsoft.com/developer/msbuild/2003">
  <ItemGroup>
    <CustomBuild Include="C:\TeamCity\work\283bde3fda0d76e7\build\temp.win32-cpython-310\Release\CMakeFiles\47c9669741afe47760bd0d48e4707bdf\INSTALL_force.rule">
      <Filter>CMake Rules</Filter>
    </CustomBuild>
  </ItemGroup>
  <ItemGroup>
    <Filter Include="CMake Rules">
      <UniqueIdentifier>{8DEC5D3B-6418-3A22-8936-F4928808ED97}</UniqueIdentifier>
    </Filter>
  </ItemGroup>
</Project>
