<?xml version="1.0" encoding="utf-8"?>
<Project ToolsVersion="17.0" xmlns="http://schemas.microsoft.com/developer/msbuild/2003">
  <ItemGroup>
    <CustomBuild Include="C:\TeamCity\work\283bde3fda0d76e7\build\temp.win-amd64-cpython-37\Release\CMakeFiles\11c3eaf0cd575bfd43be06587bd34130\INSTALL_force.rule">
      <Filter>CMake Rules</Filter>
    </CustomBuild>
  </ItemGroup>
  <ItemGroup>
    <Filter Include="CMake Rules">
      <UniqueIdentifier>{A868334F-ED32-3651-8BC1-912EBCFE3DB0}</UniqueIdentifier>
    </Filter>
  </ItemGroup>
</Project>
