<?xml version="1.0" encoding="utf-8"?>
<Project ToolsVersion="17.0" xmlns="http://schemas.microsoft.com/developer/msbuild/2003">
  <ItemGroup>
    <CustomBuild Include="C:\TeamCity\work\283bde3fda0d76e7\build\temp.win32-cpython-37\Release\CMakeFiles\3be1416c457c6eb8e4f987758fd25a80\INSTALL_force.rule">
      <Filter>CMake Rules</Filter>
    </CustomBuild>
  </ItemGroup>
  <ItemGroup>
    <Filter Include="CMake Rules">
      <UniqueIdentifier>{4431A46E-606D-3FD8-856A-0AEF77838508}</UniqueIdentifier>
    </Filter>
  </ItemGroup>
</Project>
